
Microsoft Visual Studio Solution File, Format Version 12.00
# Visual Studio Version 17
VisualStudioVersion = 17.0.31903.59
MinimumVisualStudioVersion = 10.0.40219.1
Project("{2150E333-8FDC-42A3-9474-1A3956D46DE8}") = "src", "src", "{827E0CD3-B72D-47B6-A68D-7590B98EB39B}"
EndProject
Project("{FAE04EC0-301F-11D3-BF4B-00C04F79EFBC}") = "TrainingLoadAnalyzer.Domain", "src\TrainingLoadAnalyzer.Domain\TrainingLoadAnalyzer.Domain.csproj", "{D089A879-98CC-4C4C-B897-A84073D2AD5C}"
EndProject
Project("{2150E333-8FDC-42A3-9474-1A3956D46DE8}") = "tests", "tests", "{0AB3BF05-4346-4AA6-1389-037BE0695223}"
EndProject
Project("{FAE04EC0-301F-11D3-BF4B-00C04F79EFBC}") = "TrainingLoadAnalyzer.Domain.Tests", "tests\TrainingLoadAnalyzer.Domain.Tests\TrainingLoadAnalyzer.Domain.Tests.csproj", "{7A696B65-ED9F-46A4-84E2-F78C33829777}"
EndProject
Project("{FAE04EC0-301F-11D3-BF4B-00C04F79EFBC}") = "TrainingLoadAnalyzer.Infrastructure", "src\TrainingLoadAnalyzer.Infrastructure\TrainingLoadAnalyzer.Infrastructure.csproj", "{18FE9A46-D178-4595-87A1-6B0ECF346DBD}"
EndProject
Project("{FAE04EC0-301F-11D3-BF4B-00C04F79EFBC}") = "TrainingLoadAnalyzer.Infrastructure.Tests", "tests\TrainingLoadAnalyzer.Infrastructure.Tests\TrainingLoadAnalyzer.Infrastructure.Tests.csproj", "{4F578CB9-50AD-4E56-962C-003B46F34DD1}"
EndProject
Project("{FAE04EC0-301F-11D3-BF4B-00C04F79EFBC}") = "TrainingLoadAnalyzer.Web", "src\TrainingLoadAnalyzer.Web\TrainingLoadAnalyzer.Web.csproj", "{7EB07987-CE4D-4BA4-A416-88D7FE104DEE}"
EndProject
Project("{FAE04EC0-301F-11D3-BF4B-00C04F79EFBC}") = "TrainingLoadAnalyzer.Web.Tests", "tests\TrainingLoadAnalyzer.Web.Tests\TrainingLoadAnalyzer.Web.Tests.csproj", "{C566F38B-7B89-4182-A747-4E8C54A43B10}"
EndProject
Global
	GlobalSection(SolutionConfigurationPlatforms) = preSolution
		Debug|Any CPU = Debug|Any CPU
		Debug|x64 = Debug|x64
		Debug|x86 = Debug|x86
		Release|Any CPU = Release|Any CPU
		Release|x64 = Release|x64
		Release|x86 = Release|x86
	EndGlobalSection
	GlobalSection(ProjectConfigurationPlatforms) = postSolution
		{D089A879-98CC-4C4C-B897-A84073D2AD5C}.Debug|Any CPU.ActiveCfg = Debug|Any CPU
		{D089A879-98CC-4C4C-B897-A84073D2AD5C}.Debug|Any CPU.Build.0 = Debug|Any CPU
		{D089A879-98CC-4C4C-B897-A84073D2AD5C}.Debug|x64.ActiveCfg = Debug|Any CPU
		{D089A879-98CC-4C4C-B897-A84073D2AD5C}.Debug|x64.Build.0 = Debug|Any CPU
		{D089A879-98CC-4C4C-B897-A84073D2AD5C}.Debug|x86.ActiveCfg = Debug|Any CPU
		{D089A879-98CC-4C4C-B897-A84073D2AD5C}.Debug|x86.Build.0 = Debug|Any CPU
		{D089A879-98CC-4C4C-B897-A84073D2AD5C}.Release|Any CPU.ActiveCfg = Release|Any CPU
		{D089A879-98CC-4C4C-B897-A84073D2AD5C}.Release|Any CPU.Build.0 = Release|Any CPU
		{D089A879-98CC-4C4C-B897-A84073D2AD5C}.Release|x64.ActiveCfg = Release|Any CPU
		{D089A879-98CC-4C4C-B897-A84073D2AD5C}.Release|x64.Build.0 = Release|Any CPU
		{D089A879-98CC-4C4C-B897-A84073D2AD5C}.Release|x86.ActiveCfg = Release|Any CPU
		{D089A879-98CC-4C4C-B897-A84073D2AD5C}.Release|x86.Build.0 = Release|Any CPU
		{7A696B65-ED9F-46A4-84E2-F78C33829777}.Debug|Any CPU.ActiveCfg = Debug|Any CPU
		{7A696B65-ED9F-46A4-84E2-F78C33829777}.Debug|Any CPU.Build.0 = Debug|Any CPU
		{7A696B65-ED9F-46A4-84E2-F78C33829777}.Debug|x64.ActiveCfg = Debug|Any CPU
		{7A696B65-ED9F-46A4-84E2-F78C33829777}.Debug|x64.Build.0 = Debug|Any CPU
		{7A696B65-ED9F-46A4-84E2-F78C33829777}.Debug|x86.ActiveCfg = Debug|Any CPU
		{7A696B65-ED9F-46A4-84E2-F78C33829777}.Debug|x86.Build.0 = Debug|Any CPU
		{7A696B65-ED9F-46A4-84E2-F78C33829777}.Release|Any CPU.ActiveCfg = Release|Any CPU
		{7A696B65-ED9F-46A4-84E2-F78C33829777}.Release|Any CPU.Build.0 = Release|Any CPU
		{7A696B65-ED9F-46A4-84E2-F78C33829777}.Release|x64.ActiveCfg = Release|Any CPU
		{7A696B65-ED9F-46A4-84E2-F78C33829777}.Release|x64.Build.0 = Release|Any CPU
		{7A696B65-ED9F-46A4-84E2-F78C33829777}.Release|x86.ActiveCfg = Release|Any CPU
		{7A696B65-ED9F-46A4-84E2-F78C33829777}.Release|x86.Build.0 = Release|Any CPU
		{18FE9A46-D178-4595-87A1-6B0ECF346DBD}.Debug|Any CPU.ActiveCfg = Debug|Any CPU
		{18FE9A46-D178-4595-87A1-6B0ECF346DBD}.Debug|Any CPU.Build.0 = Debug|Any CPU
		{18FE9A46-D178-4595-87A1-6B0ECF346DBD}.Debug|x64.ActiveCfg = Debug|Any CPU
		{18FE9A46-D178-4595-87A1-6B0ECF346DBD}.Debug|x64.Build.0 = Debug|Any CPU
		{18FE9A46-D178-4595-87A1-6B0ECF346DBD}.Debug|x86.ActiveCfg = Debug|Any CPU
		{18FE9A46-D178-4595-87A1-6B0ECF346DBD}.Debug|x86.Build.0 = Debug|Any CPU
		{18FE9A46-D178-4595-87A1-6B0ECF346DBD}.Release|Any CPU.ActiveCfg = Release|Any CPU
		{18FE9A46-D178-4595-87A1-6B0ECF346DBD}.Release|Any CPU.Build.0 = Release|Any CPU
		{18FE9A46-D178-4595-87A1-6B0ECF346DBD}.Release|x64.ActiveCfg = Release|Any CPU
		{18FE9A46-D178-4595-87A1-6B0ECF346DBD}.Release|x64.Build.0 = Release|Any CPU
		{18FE9A46-D178-4595-87A1-6B0ECF346DBD}.Release|x86.ActiveCfg = Release|Any CPU
		{18FE9A46-D178-4595-87A1-6B0ECF346DBD}.Release|x86.Build.0 = Release|Any CPU
		{4F578CB9-50AD-4E56-962C-003B46F34DD1}.Debug|Any CPU.ActiveCfg = Debug|Any CPU
		{4F578CB9-50AD-4E56-962C-003B46F34DD1}.Debug|Any CPU.Build.0 = Debug|Any CPU
		{4F578CB9-50AD-4E56-962C-003B46F34DD1}.Debug|x64.ActiveCfg = Debug|Any CPU
		{4F578CB9-50AD-4E56-962C-003B46F34DD1}.Debug|x64.Build.0 = Debug|Any CPU
		{4F578CB9-50AD-4E56-962C-003B46F34DD1}.Debug|x86.ActiveCfg = Debug|Any CPU
		{4F578CB9-50AD-4E56-962C-003B46F34DD1}.Debug|x86.Build.0 = Debug|Any CPU
		{4F578CB9-50AD-4E56-962C-003B46F34DD1}.Release|Any CPU.ActiveCfg = Release|Any CPU
		{4F578CB9-50AD-4E56-962C-003B46F34DD1}.Release|Any CPU.Build.0 = Release|Any CPU
		{4F578CB9-50AD-4E56-962C-003B46F34DD1}.Release|x64.ActiveCfg = Release|Any CPU
		{4F578CB9-50AD-4E56-962C-003B46F34DD1}.Release|x64.Build.0 = Release|Any CPU
		{4F578CB9-50AD-4E56-962C-003B46F34DD1}.Release|x86.ActiveCfg = Release|Any CPU
		{4F578CB9-50AD-4E56-962C-003B46F34DD1}.Release|x86.Build.0 = Release|Any CPU
		{7EB07987-CE4D-4BA4-A416-88D7FE104DEE}.Debug|Any CPU.ActiveCfg = Debug|Any CPU
		{7EB07987-CE4D-4BA4-A416-88D7FE104DEE}.Debug|Any CPU.Build.0 = Debug|Any CPU
		{7EB07987-CE4D-4BA4-A416-88D7FE104DEE}.Debug|x64.ActiveCfg = Debug|Any CPU
		{7EB07987-CE4D-4BA4-A416-88D7FE104DEE}.Debug|x64.Build.0 = Debug|Any CPU
		{7EB07987-CE4D-4BA4-A416-88D7FE104DEE}.Debug|x86.ActiveCfg = Debug|Any CPU
		{7EB07987-CE4D-4BA4-A416-88D7FE104DEE}.Debug|x86.Build.0 = Debug|Any CPU
		{7EB07987-CE4D-4BA4-A416-88D7FE104DEE}.Release|Any CPU.ActiveCfg = Release|Any CPU
		{7EB07987-CE4D-4BA4-A416-88D7FE104DEE}.Release|Any CPU.Build.0 = Release|Any CPU
		{7EB07987-CE4D-4BA4-A416-88D7FE104DEE}.Release|x64.ActiveCfg = Release|Any CPU
		{7EB07987-CE4D-4BA4-A416-88D7FE104DEE}.Release|x64.Build.0 = Release|Any CPU
		{7EB07987-CE4D-4BA4-A416-88D7FE104DEE}.Release|x86.ActiveCfg = Release|Any CPU
		{7EB07987-CE4D-4BA4-A416-88D7FE104DEE}.Release|x86.Build.0 = Release|Any CPU
		{C566F38B-7B89-4182-A747-4E8C54A43B10}.Debug|Any CPU.ActiveCfg = Debug|Any CPU
		{C566F38B-7B89-4182-A747-4E8C54A43B10}.Debug|Any CPU.Build.0 = Debug|Any CPU
		{C566F38B-7B89-4182-A747-4E8C54A43B10}.Debug|x64.ActiveCfg = Debug|Any CPU
		{C566F38B-7B89-4182-A747-4E8C54A43B10}.Debug|x64.Build.0 = Debug|Any CPU
		{C566F38B-7B89-4182-A747-4E8C54A43B10}.Debug|x86.ActiveCfg = Debug|Any CPU
		{C566F38B-7B89-4182-A747-4E8C54A43B10}.Debug|x86.Build.0 = Debug|Any CPU
		{C566F38B-7B89-4182-A747-4E8C54A43B10}.Release|Any CPU.ActiveCfg = Release|Any CPU
		{C566F38B-7B89-4182-A747-4E8C54A43B10}.Release|Any CPU.Build.0 = Release|Any CPU
		{C566F38B-7B89-4182-A747-4E8C54A43B10}.Release|x64.ActiveCfg = Release|Any CPU
		{C566F38B-7B89-4182-A747-4E8C54A43B10}.Release|x64.Build.0 = Release|Any CPU
		{C566F38B-7B89-4182-A747-4E8C54A43B10}.Release|x86.ActiveCfg = Release|Any CPU
		{C566F38B-7B89-4182-A747-4E8C54A43B10}.Release|x86.Build.0 = Release|Any CPU
	EndGlobalSection
	GlobalSection(SolutionProperties) = preSolution
		HideSolutionNode = FALSE
	EndGlobalSection
	GlobalSection(NestedProjects) = preSolution
		{D089A879-98CC-4C4C-B897-A84073D2AD5C} = {827E0CD3-B72D-47B6-A68D-7590B98EB39B}
		{7A696B65-ED9F-46A4-84E2-F78C33829777} = {0AB3BF05-4346-4AA6-1389-037BE0695223}
		{18FE9A46-D178-4595-87A1-6B0ECF346DBD} = {827E0CD3-B72D-47B6-A68D-7590B98EB39B}
		{4F578CB9-50AD-4E56-962C-003B46F34DD1} = {0AB3BF05-4346-4AA6-1389-037BE0695223}
		{7EB07987-CE4D-4BA4-A416-88D7FE104DEE} = {827E0CD3-B72D-47B6-A68D-7590B98EB39B}
		{C566F38B-7B89-4182-A747-4E8C54A43B10} = {0AB3BF05-4346-4AA6-1389-037BE0695223}
	EndGlobalSection
EndGlobal
